<Solution>
  <Folder Name="/src/">
    <Project Path="src/BibliotecaEscolar.Api/BibliotecaEscolar.Api.csproj" />
  </Folder>
  <Folder Name="/tests/">
    <Project Path="tests/BibliotecaEscolar.Api.Tests/BibliotecaEscolar.Api.Tests.csproj" />
  </Folder>
  <Folder Name="/tools/">
    <Project Path="tools/BibliotecaEscolar.PasswordTool/BibliotecaEscolar.PasswordTool.csproj" />
  </Folder>
</Solution>
